
Microsoft Visual Studio Solution File, Format Version 12.00
# Visual Studio Version 17
VisualStudioVersion = 17.9.34622.214
MinimumVisualStudioVersion = 10.0.40219.1
Project("{2150E333-8FDC-42A3-9474-1A3956D46DE8}") = "docker", "docker", "{CD59A1A0-F40D-4047-87A3-66C0F1519FA5}"
	ProjectSection(SolutionItems) = preProject
		docker-compose.yml = docker-compose.yml
	EndProjectSection
EndProject
Project("{9A19103F-16F7-4668-BE54-9A1E7A4F7556}") = "Blumchen", "src\Blumchen\Blumchen.csproj", "{E1AD98FC-42B1-4B7B-AF44-8057B7A61FDD}"
EndProject
Project("{2150E333-8FDC-42A3-9474-1A3956D46DE8}") = "build", "build", "{D0AB0FF4-C8A1-4B4B-A682-64F353A2D248}"
	ProjectSection(SolutionItems) = preProject
		.github\workflows\build.dotnet.yml = .github\workflows\build.dotnet.yml
		src\Directory.Build.props = src\Directory.Build.props
		.github\workflows\publish-nuget.yml = .github\workflows\publish-nuget.yml
	EndProjectSection
EndProject
Project("{2150E333-8FDC-42A3-9474-1A3956D46DE8}") = "docs", "docs", "{47B6EDAC-2EBC-4368-BAD6-2B8695E7D067}"
	ProjectSection(SolutionItems) = preProject
		README.md = README.md
	EndProjectSection
EndProject
Project("{9A19103F-16F7-4668-BE54-9A1E7A4F7556}") = "Subscriber", "src\Subscriber\Subscriber.csproj", "{06A60918-32EB-4C38-B369-7E1D76B809A0}"
EndProject
Project("{9A19103F-16F7-4668-BE54-9A1E7A4F7556}") = "Publisher", "src\Publisher\Publisher.csproj", "{F2878625-0919-4C26-8DC9-58CD8FA34050}"
EndProject
Project("{9A19103F-16F7-4668-BE54-9A1E7A4F7556}") = "Commons", "src\Commons\Commons.csproj", "{F81E2D5B-FC59-4396-A911-56BE65E4FE80}"
EndProject
Project("{9A19103F-16F7-4668-BE54-9A1E7A4F7556}") = "Tests", "src\Tests\Tests.csproj", "{2BBDA071-FB1C-4D62-A954-B22EA6B1C738}"
EndProject
Project("{2150E333-8FDC-42A3-9474-1A3956D46DE8}") = "pgAdmin", "pgAdmin", "{C050E9E8-3FB6-4581-953F-31826E385FB4}"
	ProjectSection(SolutionItems) = preProject
		docker\pgAdmin\pgpass = docker\pgAdmin\pgpass
		docker\pgAdmin\servers.json = docker\pgAdmin\servers.json
	EndProjectSection
EndProject
Project("{2150E333-8FDC-42A3-9474-1A3956D46DE8}") = "postgres", "postgres", "{8AAAA344-B5FD-48D9-B2BA-379E374448D4}"
	ProjectSection(SolutionItems) = preProject
		docker\postgres\init.sql = docker\postgres\init.sql
	EndProjectSection
EndProject
Project("{2150E333-8FDC-42A3-9474-1A3956D46DE8}") = "demo", "demo", "{A4044484-FE08-4399-8239-14AABFA30AD7}"
EndProject
Global
	GlobalSection(SolutionConfigurationPlatforms) = preSolution
		Debug|Any CPU = Debug|Any CPU
		Release|Any CPU = Release|Any CPU
	EndGlobalSection
	GlobalSection(ProjectConfigurationPlatforms) = postSolution
		{E1AD98FC-42B1-4B7B-AF44-8057B7A61FDD}.Debug|Any CPU.ActiveCfg = Debug|Any CPU
		{E1AD98FC-42B1-4B7B-AF44-8057B7A61FDD}.Debug|Any CPU.Build.0 = Debug|Any CPU
		{E1AD98FC-42B1-4B7B-AF44-8057B7A61FDD}.Release|Any CPU.ActiveCfg = Release|Any CPU
		{E1AD98FC-42B1-4B7B-AF44-8057B7A61FDD}.Release|Any CPU.Build.0 = Release|Any CPU
		{06A60918-32EB-4C38-B369-7E1D76B809A0}.Debug|Any CPU.ActiveCfg = Debug|Any CPU
		{06A60918-32EB-4C38-B369-7E1D76B809A0}.Debug|Any CPU.Build.0 = Debug|Any CPU
		{06A60918-32EB-4C38-B369-7E1D76B809A0}.Release|Any CPU.ActiveCfg = Release|Any CPU
		{06A60918-32EB-4C38-B369-7E1D76B809A0}.Release|Any CPU.Build.0 = Release|Any CPU
		{F2878625-0919-4C26-8DC9-58CD8FA34050}.Debug|Any CPU.ActiveCfg = Debug|Any CPU
		{F2878625-0919-4C26-8DC9-58CD8FA34050}.Debug|Any CPU.Build.0 = Debug|Any CPU
		{F2878625-0919-4C26-8DC9-58CD8FA34050}.Release|Any CPU.ActiveCfg = Release|Any CPU
		{F2878625-0919-4C26-8DC9-58CD8FA34050}.Release|Any CPU.Build.0 = Release|Any CPU
		{F81E2D5B-FC59-4396-A911-56BE65E4FE80}.Debug|Any CPU.ActiveCfg = Debug|Any CPU
		{F81E2D5B-FC59-4396-A911-56BE65E4FE80}.Debug|Any CPU.Build.0 = Debug|Any CPU
		{F81E2D5B-FC59-4396-A911-56BE65E4FE80}.Release|Any CPU.ActiveCfg = Release|Any CPU
		{F81E2D5B-FC59-4396-A911-56BE65E4FE80}.Release|Any CPU.Build.0 = Release|Any CPU
		{2BBDA071-FB1C-4D62-A954-B22EA6B1C738}.Debug|Any CPU.ActiveCfg = Debug|Any CPU
		{2BBDA071-FB1C-4D62-A954-B22EA6B1C738}.Debug|Any CPU.Build.0 = Debug|Any CPU
		{2BBDA071-FB1C-4D62-A954-B22EA6B1C738}.Release|Any CPU.ActiveCfg = Release|Any CPU
		{2BBDA071-FB1C-4D62-A954-B22EA6B1C738}.Release|Any CPU.Build.0 = Release|Any CPU
	EndGlobalSection
	GlobalSection(SolutionProperties) = preSolution
		HideSolutionNode = FALSE
	EndGlobalSection
	GlobalSection(NestedProjects) = preSolution
		{06A60918-32EB-4C38-B369-7E1D76B809A0} = {A4044484-FE08-4399-8239-14AABFA30AD7}
		{F2878625-0919-4C26-8DC9-58CD8FA34050} = {A4044484-FE08-4399-8239-14AABFA30AD7}
		{F81E2D5B-FC59-4396-A911-56BE65E4FE80} = {A4044484-FE08-4399-8239-14AABFA30AD7}
		{C050E9E8-3FB6-4581-953F-31826E385FB4} = {CD59A1A0-F40D-4047-87A3-66C0F1519FA5}
		{8AAAA344-B5FD-48D9-B2BA-379E374448D4} = {CD59A1A0-F40D-4047-87A3-66C0F1519FA5}
	EndGlobalSection
	GlobalSection(ExtensibilityGlobals) = postSolution
		SolutionGuid = {9A868C51-0460-4700-AF33-E1A921192614}
	EndGlobalSection
EndGlobal
